<?xml version="1.0" encoding="utf-8"?>
<Project ToolsVersion="4.0" xmlns="http://schemas.microsoft.com/developer/msbuild/2003">
  <ItemGroup>
    <Filter Include="ソース ファイル">
      <UniqueIdentifier>{4FC737F1-C7A5-4376-A066-2A32D752A2FF}</UniqueIdentifier>
      <Extensions>cpp;c;cc;cxx;def;odl;idl;hpj;bat;asm;asmx</Extensions>
    </Filter>
    <Filter Include="リソース ファイル">
      <UniqueIdentifier>{67DA6AB6-F800-4c08-8B7A-83BB121AAD01}</UniqueIdentifier>
      <Extensions>rc;ico;cur;bmp;dlg;rc2;rct;bin;rgs;gif;jpg;jpeg;jpe;resx;tiff;tif;png;wav;mfcribbon-ms</Extensions>
    </Filter>
    <Filter Include="ソース ファイル\Scene">
      <UniqueIdentifier>{f2c5fc6e-5b6e-452b-afcd-29bd5977fe61}</UniqueIdentifier>
    </Filter>
    <Filter Include="ソース ファイル\Scene\TitleScene">
      <UniqueIdentifier>{b82404ac-7e32-4db0-a8a4-66d814a86082}</UniqueIdentifier>
    </Filter>
    <Filter Include="リソース ファイル\palette">
      <UniqueIdentifier>{6c26d79e-b11d-4b39-9d68-98a9b079eedf}</UniqueIdentifier>
    </Filter>
    <Filter Include="リソース ファイル\particle">
      <UniqueIdentifier>{6cc68105-f020-4fc3-91b0-9e8d467dd9cc}</UniqueIdentifier>
    </Filter>
    <Filter Include="ソース ファイル\Scene\InitScene">
      <UniqueIdentifier>{ad29dcaf-4db3-4740-a0d7-38f2ea582106}</UniqueIdentifier>
    </Filter>
    <Filter Include="ソース ファイル\Input">
      <UniqueIdentifier>{f050d4cb-5970-4d3e-bb0a-0edaef328466}</UniqueIdentifier>
    </Filter>
    <Filter Include="ソース ファイル\Scene\GameScene">
      <UniqueIdentifier>{4b7af707-b5c0-4be2-b6cf-2f8f02f11c3e}</UniqueIdentifier>
    </Filter>
    <Filter Include="ヘッダー ファイル">
      <UniqueIdentifier>{93995380-89BD-4b04-88EB-625FBE52EBFB}</UniqueIdentifier>
      <Extensions>h;hh;hpp;hxx;hm;inl;inc;xsd</Extensions>
    </Filter>
    <Filter Include="ヘッダー ファイル\Scene">
      <UniqueIdentifier>{bb962265-4cb8-48ef-8781-1b4e70310438}</UniqueIdentifier>
    </Filter>
    <Filter Include="ヘッダー ファイル\Scene\TitleScene">
      <UniqueIdentifier>{0890a244-3a5f-4f19-b2c4-be8ec6406246}</UniqueIdentifier>
    </Filter>
    <Filter Include="ヘッダー ファイル\Scene\InitScene">
      <UniqueIdentifier>{b862812f-bfd7-44a7-8a96-6d6691799591}</UniqueIdentifier>
    </Filter>
    <Filter Include="ヘッダー ファイル\Scene\GameScene">
      <UniqueIdentifier>{0c5615ac-f36e-4db1-9355-d2354c978ceb}</UniqueIdentifier>
    </Filter>
    <Filter Include="ヘッダー ファイル\Input">
      <UniqueIdentifier>{2d018dd8-a5c5-4984-a48c-673756ea8d8b}</UniqueIdentifier>
    </Filter>
    <Filter Include="ヘッダー ファイル\Game">
      <UniqueIdentifier>{0ae50b4d-a1d3-4ba5-8b6a-806c27e1d7a9}</UniqueIdentifier>
    </Filter>
    <Filter Include="ヘッダー ファイル\Game\Collision">
      <UniqueIdentifier>{da39a76e-1474-4a3a-baef-857b8f6a41b2}</UniqueIdentifier>
    </Filter>
    <Filter Include="ヘッダー ファイル\Game\Entity">
      <UniqueIdentifier>{aa6d14c6-cbfc-4821-bab2-204db0cade6c}</UniqueIdentifier>
    </Filter>
    <Filter Include="ヘッダー ファイル\Game\Player">
      <UniqueIdentifier>{985be455-2b24-46f2-a233-bcdc4c1698b6}</UniqueIdentifier>
    </Filter>
    <Filter Include="ソース ファイル\Game">
      <UniqueIdentifier>{7b4b4e9a-5101-41c9-a346-e0bf55edd3a5}</UniqueIdentifier>
    </Filter>
    <Filter Include="ソース ファイル\Game\Collision">
      <UniqueIdentifier>{1a6d319a-87d4-4e1c-bdfb-468c1710f5e1}</UniqueIdentifier>
    </Filter>
    <Filter Include="ソース ファイル\Game\Entity">
      <UniqueIdentifier>{8711886e-6829-4358-b344-b04bc2b2d6d1}</UniqueIdentifier>
    </Filter>
    <Filter Include="ソース ファイル\Game\Player">
      <UniqueIdentifier>{9320ca14-da19-4a31-9ee9-5aa8a1f82005}</UniqueIdentifier>
    </Filter>
    <Filter Include="ソース ファイル\Game\Camera">
      <UniqueIdentifier>{36c84f25-fcc3-41ad-a1d9-cb1e4d841910}</UniqueIdentifier>
    </Filter>
    <Filter Include="ヘッダー ファイル\Game\Camera">
      <UniqueIdentifier>{cf35dd40-ccbb-49fd-b8c6-79a5e4ffbc6d}</UniqueIdentifier>
    </Filter>
    <Filter Include="ヘッダー ファイル\Asset">
      <UniqueIdentifier>{0deb9b10-1d7e-4431-92a9-d5d4f1f0c77b}</UniqueIdentifier>
    </Filter>
    <Filter Include="ソース ファイル\Asset">
      <UniqueIdentifier>{388a9aa6-8ef5-433a-a878-1e060706368a}</UniqueIdentifier>
    </Filter>
    <Filter Include="ソース ファイル\Game\Bullet">
      <UniqueIdentifier>{07f3aaf1-5984-4a49-8d75-1d7a8e05743d}</UniqueIdentifier>
    </Filter>
    <Filter Include="ヘッダー ファイル\Game\Bullet">
      <UniqueIdentifier>{7abcf60f-026c-4bc9-b0a3-f1244502af11}</UniqueIdentifier>
    </Filter>
    <Filter Include="ソース ファイル\Scene\ResultScene">
      <UniqueIdentifier>{eefbbf86-ace8-4c23-adea-c809e97fa2a2}</UniqueIdentifier>
    </Filter>
    <Filter Include="ヘッダー ファイル\Scene\ResultScene">
      <UniqueIdentifier>{56341327-def2-4e06-983e-e169f004cb86}</UniqueIdentifier>
    </Filter>
    <Filter Include="ソース ファイル\Game\UI">
      <UniqueIdentifier>{88dfb152-44b8-463e-b8dd-a595fea4b6ca}</UniqueIdentifier>
    </Filter>
    <Filter Include="ヘッダー ファイル\Game\UI">
      <UniqueIdentifier>{1f195684-b928-4a48-914f-598dd75968ca}</UniqueIdentifier>
    </Filter>
    <Filter Include="ヘッダー ファイル\Test">
      <UniqueIdentifier>{1ae3fdd6-3f0a-4aca-ad18-fcf3e2bd1c20}</UniqueIdentifier>
    </Filter>
    <Filter Include="ソース ファイル\Test">
      <UniqueIdentifier>{1067c816-7644-4b23-9d7f-8de625887068}</UniqueIdentifier>
    </Filter>
    <Filter Include="ヘッダー ファイル\Game\Player\Controller">
      <UniqueIdentifier>{c9f33665-3e1f-4974-8d00-bac3fc1d433a}</UniqueIdentifier>
    </Filter>
    <Filter Include="ソース ファイル\Game\Player\Controller">
      <UniqueIdentifier>{6375a969-78fe-41fb-8444-0fcf63af2fa4}</UniqueIdentifier>
    </Filter>
    <Filter Include="ヘッダー ファイル\Game\Player\Controller\Scope">
      <UniqueIdentifier>{e2119ba5-f5e1-490d-9a8d-5b41733cfd25}</UniqueIdentifier>
    </Filter>
    <Filter Include="ヘッダー ファイル\Game\Player\Controller\Walk">
      <UniqueIdentifier>{e70cbd84-2ef4-498a-9a47-885510cb72f3}</UniqueIdentifier>
    </Filter>
    <Filter Include="ソース ファイル\Game\Player\Controller\Scope">
      <UniqueIdentifier>{bf2fa40a-f196-4e39-9ab7-77d5d1935720}</UniqueIdentifier>
    </Filter>
    <Filter Include="ソース ファイル\Game\Player\Controller\Walk">
      <UniqueIdentifier>{24057f9c-d618-4064-8efd-2aafa9c4831b}</UniqueIdentifier>
    </Filter>
    <Filter Include="ヘッダー ファイル\Game\Enemy">
      <UniqueIdentifier>{258c953c-6919-4c5c-8eda-78227d2593ae}</UniqueIdentifier>
    </Filter>
    <Filter Include="ソース ファイル\Game\Enemy">
      <UniqueIdentifier>{720f5a55-d9fb-4e1a-a911-3a7fe3357058}</UniqueIdentifier>
    </Filter>
  </ItemGroup>
  <ItemGroup>
    <ClInclude Include="EngineSetting.h">
      <Filter>ヘッダー ファイル</Filter>
    </ClInclude>
    <ClInclude Include="TitleScene.h">
      <Filter>ヘッダー ファイル\Scene\TitleScene</Filter>
    </ClInclude>
    <ClInclude Include="InitScene.h">
      <Filter>ヘッダー ファイル\Scene\InitScene</Filter>
    </ClInclude>
    <ClInclude Include="GameInput.h">
      <Filter>ヘッダー ファイル\Input</Filter>
    </ClInclude>
    <ClInclude Include="GameScene.h">
      <Filter>ヘッダー ファイル\Scene\GameScene</Filter>
    </ClInclude>
    <ClInclude Include="CollisionHelper.h">
      <Filter>ヘッダー ファイル\Game\Collision</Filter>
    </ClInclude>
    <ClInclude Include="AllocatableGameEntityManager.h">
      <Filter>ヘッダー ファイル\Game\Entity</Filter>
    </ClInclude>
    <ClInclude Include="GameEntity.h">
      <Filter>ヘッダー ファイル\Game\Entity</Filter>
    </ClInclude>
    <ClInclude Include="GameEntityCollider.h">
      <Filter>ヘッダー ファイル\Game\Entity</Filter>
    </ClInclude>
    <ClInclude Include="GameEntityManager.h">
      <Filter>ヘッダー ファイル\Game\Entity</Filter>
    </ClInclude>
    <ClInclude Include="GameSetting.h">
      <Filter>ヘッダー ファイル\Game</Filter>
    </ClInclude>
    <ClInclude Include="GameDirector.h">
      <Filter>ヘッダー ファイル\Game</Filter>
    </ClInclude>
    <ClInclude Include="GameManager.h">
      <Filter>ヘッダー ファイル\Game</Filter>
    </ClInclude>
    <ClInclude Include="PlayerCamera.h">
      <Filter>ヘッダー ファイル\Game\Camera</Filter>
    </ClInclude>
    <ClInclude Include="IPlayerCamera.h">
      <Filter>ヘッダー ファイル\Game\Camera</Filter>
    </ClInclude>
    <ClInclude Include="Asset.h">
      <Filter>ヘッダー ファイル\Asset</Filter>
    </ClInclude>
    <ClInclude Include="Bullet.h">
      <Filter>ヘッダー ファイル\Game\Bullet</Filter>
    </ClInclude>
    <ClInclude Include="BulletManager.h">
      <Filter>ヘッダー ファイル\Game\Bullet</Filter>
    </ClInclude>
    <ClInclude Include="Player.h">
      <Filter>ヘッダー ファイル\Game\Player</Filter>
    </ClInclude>
    <ClInclude Include="ResultScene.h">
      <Filter>ヘッダー ファイル\Scene\ResultScene</Filter>
    </ClInclude>
    <ClInclude Include="UI_Player.h">
      <Filter>ヘッダー ファイル\Game\UI</Filter>
    </ClInclude>
    <ClInclude Include="TestScene.h">
      <Filter>ヘッダー ファイル\Test</Filter>
    </ClInclude>
    <ClInclude Include="TestScene2.h">
      <Filter>ヘッダー ファイル\Test</Filter>
    </ClInclude>
    <ClInclude Include="Gauge.h">
      <Filter>ヘッダー ファイル\Game\UI</Filter>
    </ClInclude>
    <ClInclude Include="GameConstants.h">
      <Filter>ヘッダー ファイル\Game</Filter>
    </ClInclude>
    <ClInclude Include="GameSceneDirector.h">
      <Filter>ヘッダー ファイル\Scene\GameScene</Filter>
    </ClInclude>
    <ClInclude Include="PlayerController.h">
      <Filter>ヘッダー ファイル\Game\Player\Controller</Filter>
    </ClInclude>
    <ClInclude Include="PlayerController_Scope.h">
      <Filter>ヘッダー ファイル\Game\Player\Controller\Scope</Filter>
    </ClInclude>
    <ClInclude Include="PlayerController_Walk.h">
      <Filter>ヘッダー ファイル\Game\Player\Controller\Walk</Filter>
    </ClInclude>
    <ClInclude Include="PlayerUI_Cursol.h">
      <Filter>ヘッダー ファイル\Game\Player\Controller\Scope</Filter>
    </ClInclude>
    <ClInclude Include="PlayerActor.h">
      <Filter>ヘッダー ファイル\Game\Player</Filter>
    </ClInclude>
    <ClInclude Include="EnemyDataManager.h">
      <Filter>ヘッダー ファイル\Game\Enemy</Filter>
    </ClInclude>
    <ClInclude Include="Enemy.h">
      <Filter>ヘッダー ファイル\Game\Enemy</Filter>
    </ClInclude>
    <ClInclude Include="EnemyAttribute_Zako_1.h">
      <Filter>ヘッダー ファイル\Game\Enemy</Filter>
    </ClInclude>
    <ClInclude Include="EnemyAttribute_Zako_2.h">
      <Filter>ヘッダー ファイル\Game\Enemy</Filter>
    </ClInclude>
    <ClInclude Include="EnemyData.h">
      <Filter>ヘッダー ファイル\Game\Enemy</Filter>
    </ClInclude>
    <ClInclude Include="EnemyManager.h">
      <Filter>ヘッダー ファイル\Game\Enemy</Filter>
    </ClInclude>
    <ClInclude Include="IEnemyAttribute.h">
      <Filter>ヘッダー ファイル\Game\Enemy</Filter>
    </ClInclude>
    <ClInclude Include="NumberView.h">
      <Filter>ヘッダー ファイル\Game\UI</Filter>
    </ClInclude>
  </ItemGroup>
  <ItemGroup>
    <ClCompile Include="EngineSetting.cpp">
      <Filter>ソース ファイル</Filter>
    </ClCompile>
    <ClCompile Include="TitleScene.cpp">
      <Filter>ソース ファイル\Scene\TitleScene</Filter>
    </ClCompile>
    <ClCompile Include="InitScene.cpp">
      <Filter>ソース ファイル\Scene\InitScene</Filter>
    </ClCompile>
    <ClCompile Include="GameInput.cpp">
      <Filter>ソース ファイル\Input</Filter>
    </ClCompile>
    <ClCompile Include="CollisionHelper.cpp">
      <Filter>ソース ファイル\Game\Collision</Filter>
    </ClCompile>
    <ClCompile Include="GameScene.cpp">
      <Filter>ソース ファイル\Scene\GameScene</Filter>
    </ClCompile>
    <ClCompile Include="GameEntity.cpp">
      <Filter>ソース ファイル\Game\Entity</Filter>
    </ClCompile>
    <ClCompile Include="GameEntityCollider.cpp">
      <Filter>ソース ファイル\Game\Entity</Filter>
    </ClCompile>
    <ClCompile Include="GameDirector.cpp">
      <Filter>ソース ファイル\Game</Filter>
    </ClCompile>
    <ClCompile Include="GameManager.cpp">
      <Filter>ソース ファイル\Game</Filter>
    </ClCompile>
    <ClCompile Include="PlayerCamera.cpp">
      <Filter>ソース ファイル\Game\Camera</Filter>
    </ClCompile>
    <ClCompile Include="Asset.cpp">
      <Filter>ソース ファイル\Asset</Filter>
    </ClCompile>
    <ClCompile Include="GameSetting.cpp">
      <Filter>ソース ファイル\Game</Filter>
    </ClCompile>
    <ClCompile Include="ResultScene.cpp">
      <Filter>ソース ファイル\Scene\ResultScene</Filter>
    </ClCompile>
    <ClCompile Include="UI_Player.cpp">
      <Filter>ソース ファイル\Game\UI</Filter>
    </ClCompile>
    <ClCompile Include="Player.cpp">
      <Filter>ソース ファイル\Game\Player</Filter>
    </ClCompile>
    <ClCompile Include="TestScene.cpp">
      <Filter>ソース ファイル\Test</Filter>
    </ClCompile>
    <ClCompile Include="TestScene2.cpp">
      <Filter>ソース ファイル\Test</Filter>
    </ClCompile>
    <ClCompile Include="BulletManager.cpp">
      <Filter>ソース ファイル\Game\Bullet</Filter>
    </ClCompile>
    <ClCompile Include="Bullet.cpp">
      <Filter>ソース ファイル\Game\Bullet</Filter>
    </ClCompile>
    <ClCompile Include="Gauge.cpp">
      <Filter>ソース ファイル\Game\UI</Filter>
    </ClCompile>
    <ClCompile Include="PlayerController.cpp">
      <Filter>ソース ファイル\Game\Player\Controller</Filter>
    </ClCompile>
    <ClCompile Include="PlayerController_Walk.cpp">
      <Filter>ソース ファイル\Game\Player\Controller\Walk</Filter>
    </ClCompile>
    <ClCompile Include="PlayerController_Scope.cpp">
      <Filter>ソース ファイル\Game\Player\Controller\Scope</Filter>
    </ClCompile>
    <ClCompile Include="PlayerUI_Cursol.cpp">
      <Filter>ソース ファイル\Game\Player\Controller\Scope</Filter>
    </ClCompile>
    <ClCompile Include="PlayerActor.cpp">
      <Filter>ソース ファイル\Game\Player</Filter>
    </ClCompile>
    <ClCompile Include="Enemy.cpp">
      <Filter>ソース ファイル\Game\Enemy</Filter>
    </ClCompile>
    <ClCompile Include="EnemyAttribute_Zako_1.cpp">
      <Filter>ソース ファイル\Game\Enemy</Filter>
    </ClCompile>
    <ClCompile Include="EnemyAttribute_Zako_2.cpp">
      <Filter>ソース ファイル\Game\Enemy</Filter>
    </ClCompile>
    <ClCompile Include="EnemyData.cpp">
      <Filter>ソース ファイル\Game\Enemy</Filter>
    </ClCompile>
    <ClCompile Include="EnemyDataManager.cpp">
      <Filter>ソース ファイル\Game\Enemy</Filter>
    </ClCompile>
    <ClCompile Include="EnemyManager.cpp">
      <Filter>ソース ファイル\Game\Enemy</Filter>
    </ClCompile>
    <ClCompile Include="NumberView.cpp">
      <Filter>ソース ファイル\Game\UI</Filter>
    </ClCompile>
  </ItemGroup>
  <ItemGroup>
    <None Include="..\Asset\texture\game.palette">
      <Filter>リソース ファイル\palette</Filter>
    </None>
    <None Include="..\Asset\texture\title.palette">
      <Filter>リソース ファイル\palette</Filter>
    </None>
    <None Include="..\Asset\particle\particle_texture.json">
      <Filter>リソース ファイル\particle</Filter>
    </None>
    <None Include="..\Asset\particle\particle_primitives.atlas">
      <Filter>リソース ファイル\particle</Filter>
    </None>
    <None Include="..\Asset\texture\common.palette">
      <Filter>リソース ファイル\palette</Filter>
    </None>
    <None Include="..\Asset\texture\ka.palette">
      <Filter>リソース ファイル\palette</Filter>
    </None>
  </ItemGroup>
</Project>